
Microsoft Visual Studio Solution File, Format Version 12.00
# Visual Studio 15
VisualStudioVersion = 15.0.26730.3
MinimumVisualStudioVersion = 10.0.40219.1
Project("{9A19103F-16F7-4668-BE54-9A1E7A4F7556}") = "Sample", "Sample.csproj", "{8C4EBD8E-73BB-4C6B-A911-E3DDE9ACE607}"
EndProject
Project("{9A19103F-16F7-4668-BE54-9A1E7A4F7556}") = "Microsoft.AspNetCore.OData.Radzen", "..\Microsoft.AspNetCore.OData.Radzen\Microsoft.AspNetCore.OData.Radzen.csproj", "{7402D2EA-074D-44AB-A0F9-1F0E9C4181D0}"
EndProject
Global
	GlobalSection(SolutionConfigurationPlatforms) = preSolution
		CodeAnalysis|Any CPU = CodeAnalysis|Any CPU
		Debug|Any CPU = Debug|Any CPU
		Release|Any CPU = Release|Any CPU
	EndGlobalSection
	GlobalSection(ProjectConfigurationPlatforms) = postSolution
		{8C4EBD8E-73BB-4C6B-A911-E3DDE9ACE607}.CodeAnalysis|Any CPU.ActiveCfg = Release|Any CPU
		{8C4EBD8E-73BB-4C6B-A911-E3DDE9ACE607}.CodeAnalysis|Any CPU.Build.0 = Release|Any CPU
		{8C4EBD8E-73BB-4C6B-A911-E3DDE9ACE607}.Debug|Any CPU.ActiveCfg = Debug|Any CPU
		{8C4EBD8E-73BB-4C6B-A911-E3DDE9ACE607}.Debug|Any CPU.Build.0 = Debug|Any CPU
		{8C4EBD8E-73BB-4C6B-A911-E3DDE9ACE607}.Release|Any CPU.ActiveCfg = Release|Any CPU
		{8C4EBD8E-73BB-4C6B-A911-E3DDE9ACE607}.Release|Any CPU.Build.0 = Release|Any CPU
		{7402D2EA-074D-44AB-A0F9-1F0E9C4181D0}.CodeAnalysis|Any CPU.ActiveCfg = Debug|Any CPU
		{7402D2EA-074D-44AB-A0F9-1F0E9C4181D0}.CodeAnalysis|Any CPU.Build.0 = Debug|Any CPU
		{7402D2EA-074D-44AB-A0F9-1F0E9C4181D0}.Debug|Any CPU.ActiveCfg = Debug|Any CPU
		{7402D2EA-074D-44AB-A0F9-1F0E9C4181D0}.Debug|Any CPU.Build.0 = Debug|Any CPU
		{7402D2EA-074D-44AB-A0F9-1F0E9C4181D0}.Release|Any CPU.ActiveCfg = Release|Any CPU
		{7402D2EA-074D-44AB-A0F9-1F0E9C4181D0}.Release|Any CPU.Build.0 = Release|Any CPU
	EndGlobalSection
	GlobalSection(SolutionProperties) = preSolution
		HideSolutionNode = FALSE
	EndGlobalSection
	GlobalSection(ExtensibilityGlobals) = postSolution
		SolutionGuid = {BA63AF3D-B2B9-4BDF-B4B7-2EEF804E36FB}
	EndGlobalSection
EndGlobal
